
Microsoft Visual Studio Solution File, Format Version 11.00
# Visual Studio 2010
Project("{FAE04EC0-301F-11D3-BF4B-00C04F79EFBC}") = "Assembly-CSharp", "Assembly-CSharp.csproj", "{c13b9565-c035-1e44-d231-2606ccff57ac}"
EndProject
Project("{FAE04EC0-301F-11D3-BF4B-00C04F79EFBC}") = "MeshBakerCore", "MeshBakerCore.csproj", "{2239fb2a-b873-7a4d-cdb2-6b36b81eef48}"
EndProject
Project("{FAE04EC0-301F-11D3-BF4B-00C04F79EFBC}") = "Assembly-CSharp-firstpass", "Assembly-CSharp-firstpass.csproj", "{78b0dcac-2dfd-c177-cf18-76b9999adad8}"
EndProject
Project("{FAE04EC0-301F-11D3-BF4B-00C04F79EFBC}") = "Assembly-CSharp-Editor", "Assembly-CSharp-Editor.csproj", "{346045f6-5323-2fb0-5901-1ea1d4c874b4}"
EndProject
Project("{FAE04EC0-301F-11D3-BF4B-00C04F79EFBC}") = "MeshBakerEditor", "MeshBakerEditor.csproj", "{5c8e308e-74d9-d9ff-4b21-2bca22ae17a7}"
EndProject
Global
	GlobalSection(SolutionConfigurationPlatforms) = preSolution
		Debug|Any CPU = Debug|Any CPU
	EndGlobalSection
	GlobalSection(ProjectConfigurationPlatforms) = postSolution
		{c13b9565-c035-1e44-d231-2606ccff57ac}.Debug|Any CPU.ActiveCfg = Debug|Any CPU
		{c13b9565-c035-1e44-d231-2606ccff57ac}.Debug|Any CPU.Build.0 = Debug|Any CPU
		{2239fb2a-b873-7a4d-cdb2-6b36b81eef48}.Debug|Any CPU.ActiveCfg = Debug|Any CPU
		{2239fb2a-b873-7a4d-cdb2-6b36b81eef48}.Debug|Any CPU.Build.0 = Debug|Any CPU
		{78b0dcac-2dfd-c177-cf18-76b9999adad8}.Debug|Any CPU.ActiveCfg = Debug|Any CPU
		{78b0dcac-2dfd-c177-cf18-76b9999adad8}.Debug|Any CPU.Build.0 = Debug|Any CPU
		{346045f6-5323-2fb0-5901-1ea1d4c874b4}.Debug|Any CPU.ActiveCfg = Debug|Any CPU
		{346045f6-5323-2fb0-5901-1ea1d4c874b4}.Debug|Any CPU.Build.0 = Debug|Any CPU
		{5c8e308e-74d9-d9ff-4b21-2bca22ae17a7}.Debug|Any CPU.ActiveCfg = Debug|Any CPU
		{5c8e308e-74d9-d9ff-4b21-2bca22ae17a7}.Debug|Any CPU.Build.0 = Debug|Any CPU
	EndGlobalSection
	GlobalSection(SolutionProperties) = preSolution
		HideSolutionNode = FALSE
	EndGlobalSection
EndGlobal
