
Microsoft Visual Studio Solution File, Format Version 12.00
# Visual Studio 15
Project("{FAE04EC0-301F-11D3-BF4B-00C04F79EFBC}") = "Assembly-CSharp", "Assembly-CSharp.csproj", "{67FC4CA6-E8B1-AB92-93C0-871342264F76}"
EndProject
Project("{FAE04EC0-301F-11D3-BF4B-00C04F79EFBC}") = "Assembly-CSharp-firstpass", "Assembly-CSharp-firstpass.csproj", "{36ED9222-5A5D-69D2-E5D8-7F740289E67E}"
EndProject
Project("{FAE04EC0-301F-11D3-BF4B-00C04F79EFBC}") = "Assembly-CSharp-Editor-firstpass", "Assembly-CSharp-Editor-firstpass.csproj", "{BB853775-9A4B-C81D-6B68-14F8A72F03F8}"
EndProject
Global
	GlobalSection(SolutionConfigurationPlatforms) = preSolution
		Debug|Any CPU = Debug|Any CPU
		Release|Any CPU = Release|Any CPU
	EndGlobalSection
	GlobalSection(ProjectConfigurationPlatforms) = postSolution
		{67FC4CA6-E8B1-AB92-93C0-871342264F76}.Debug|Any CPU.ActiveCfg = Debug|Any CPU
		{67FC4CA6-E8B1-AB92-93C0-871342264F76}.Debug|Any CPU.Build.0 = Debug|Any CPU
		{67FC4CA6-E8B1-AB92-93C0-871342264F76}.Release|Any CPU.ActiveCfg = Release|Any CPU
		{67FC4CA6-E8B1-AB92-93C0-871342264F76}.Release|Any CPU.Build.0 = Release|Any CPU
		{36ED9222-5A5D-69D2-E5D8-7F740289E67E}.Debug|Any CPU.ActiveCfg = Debug|Any CPU
		{36ED9222-5A5D-69D2-E5D8-7F740289E67E}.Debug|Any CPU.Build.0 = Debug|Any CPU
		{36ED9222-5A5D-69D2-E5D8-7F740289E67E}.Release|Any CPU.ActiveCfg = Release|Any CPU
		{36ED9222-5A5D-69D2-E5D8-7F740289E67E}.Release|Any CPU.Build.0 = Release|Any CPU
		{BB853775-9A4B-C81D-6B68-14F8A72F03F8}.Debug|Any CPU.ActiveCfg = Debug|Any CPU
		{BB853775-9A4B-C81D-6B68-14F8A72F03F8}.Debug|Any CPU.Build.0 = Debug|Any CPU
		{BB853775-9A4B-C81D-6B68-14F8A72F03F8}.Release|Any CPU.ActiveCfg = Release|Any CPU
		{BB853775-9A4B-C81D-6B68-14F8A72F03F8}.Release|Any CPU.Build.0 = Release|Any CPU
	EndGlobalSection
	GlobalSection(SolutionProperties) = preSolution
		HideSolutionNode = FALSE
	EndGlobalSection
EndGlobal
